
Microsoft Visual Studio Solution File, Format Version 12.00
# Visual Studio Version 16
VisualStudioVersion = 16.0.31313.79
MinimumVisualStudioVersion = 10.0.40219.1
Project("{FAE04EC0-301F-11D3-BF4B-00C04F79EFBC}") = "ChildBranch.Android", "ChildBranch\ChildBranch.Android\ChildBranch.Android.csproj", "{05CD2382-60CF-420C-98CC-462509C5AF34}"
EndProject
Project("{FAE04EC0-301F-11D3-BF4B-00C04F79EFBC}") = "ChildBranch.iOS", "ChildBranch\ChildBranch.iOS\ChildBranch.iOS.csproj", "{B064DE83-1B5B-4651-9EE2-B148533AA100}"
EndProject
Project("{FAE04EC0-301F-11D3-BF4B-00C04F79EFBC}") = "ChildBranch", "ChildBranch\ChildBranch\ChildBranch.csproj", "{6FCB1D04-47FB-4CCD-A610-22C073E234DF}"
EndProject
Global
	GlobalSection(SolutionConfigurationPlatforms) = preSolution
		Debug|Any CPU = Debug|Any CPU
		Debug|iPhone = Debug|iPhone
		Debug|iPhoneSimulator = Debug|iPhoneSimulator
		Release|Any CPU = Release|Any CPU
		Release|iPhone = Release|iPhone
		Release|iPhoneSimulator = Release|iPhoneSimulator
	EndGlobalSection
	GlobalSection(ProjectConfigurationPlatforms) = postSolution
		{05CD2382-60CF-420C-98CC-462509C5AF34}.Debug|Any CPU.ActiveCfg = Debug|Any CPU
		{05CD2382-60CF-420C-98CC-462509C5AF34}.Debug|Any CPU.Build.0 = Debug|Any CPU
		{05CD2382-60CF-420C-98CC-462509C5AF34}.Debug|Any CPU.Deploy.0 = Debug|Any CPU
		{05CD2382-60CF-420C-98CC-462509C5AF34}.Debug|iPhone.ActiveCfg = Debug|Any CPU
		{05CD2382-60CF-420C-98CC-462509C5AF34}.Debug|iPhone.Build.0 = Debug|Any CPU
		{05CD2382-60CF-420C-98CC-462509C5AF34}.Debug|iPhone.Deploy.0 = Debug|Any CPU
		{05CD2382-60CF-420C-98CC-462509C5AF34}.Debug|iPhoneSimulator.ActiveCfg = Debug|Any CPU
		{05CD2382-60CF-420C-98CC-462509C5AF34}.Debug|iPhoneSimulator.Build.0 = Debug|Any CPU
		{05CD2382-60CF-420C-98CC-462509C5AF34}.Debug|iPhoneSimulator.Deploy.0 = Debug|Any CPU
		{05CD2382-60CF-420C-98CC-462509C5AF34}.Release|Any CPU.ActiveCfg = Release|Any CPU
		{05CD2382-60CF-420C-98CC-462509C5AF34}.Release|Any CPU.Build.0 = Release|Any CPU
		{05CD2382-60CF-420C-98CC-462509C5AF34}.Release|Any CPU.Deploy.0 = Release|Any CPU
		{05CD2382-60CF-420C-98CC-462509C5AF34}.Release|iPhone.ActiveCfg = Release|Any CPU
		{05CD2382-60CF-420C-98CC-462509C5AF34}.Release|iPhone.Build.0 = Release|Any CPU
		{05CD2382-60CF-420C-98CC-462509C5AF34}.Release|iPhone.Deploy.0 = Release|Any CPU
		{05CD2382-60CF-420C-98CC-462509C5AF34}.Release|iPhoneSimulator.ActiveCfg = Release|Any CPU
		{05CD2382-60CF-420C-98CC-462509C5AF34}.Release|iPhoneSimulator.Build.0 = Release|Any CPU
		{05CD2382-60CF-420C-98CC-462509C5AF34}.Release|iPhoneSimulator.Deploy.0 = Release|Any CPU
		{B064DE83-1B5B-4651-9EE2-B148533AA100}.Debug|Any CPU.ActiveCfg = Debug|iPhone
		{B064DE83-1B5B-4651-9EE2-B148533AA100}.Debug|Any CPU.Build.0 = Debug|iPhone
		{B064DE83-1B5B-4651-9EE2-B148533AA100}.Debug|Any CPU.Deploy.0 = Debug|iPhone
		{B064DE83-1B5B-4651-9EE2-B148533AA100}.Debug|iPhone.ActiveCfg = Debug|iPhone
		{B064DE83-1B5B-4651-9EE2-B148533AA100}.Debug|iPhone.Build.0 = Debug|iPhone
		{B064DE83-1B5B-4651-9EE2-B148533AA100}.Debug|iPhone.Deploy.0 = Debug|iPhone
		{B064DE83-1B5B-4651-9EE2-B148533AA100}.Debug|iPhoneSimulator.ActiveCfg = Debug|iPhoneSimulator
		{B064DE83-1B5B-4651-9EE2-B148533AA100}.Debug|iPhoneSimulator.Build.0 = Debug|iPhoneSimulator
		{B064DE83-1B5B-4651-9EE2-B148533AA100}.Debug|iPhoneSimulator.Deploy.0 = Debug|iPhoneSimulator
		{B064DE83-1B5B-4651-9EE2-B148533AA100}.Release|Any CPU.ActiveCfg = Release|iPhoneSimulator
		{B064DE83-1B5B-4651-9EE2-B148533AA100}.Release|Any CPU.Build.0 = Release|iPhoneSimulator
		{B064DE83-1B5B-4651-9EE2-B148533AA100}.Release|Any CPU.Deploy.0 = Release|iPhoneSimulator
		{B064DE83-1B5B-4651-9EE2-B148533AA100}.Release|iPhone.ActiveCfg = Release|iPhone
		{B064DE83-1B5B-4651-9EE2-B148533AA100}.Release|iPhone.Build.0 = Release|iPhone
		{B064DE83-1B5B-4651-9EE2-B148533AA100}.Release|iPhone.Deploy.0 = Release|iPhone
		{B064DE83-1B5B-4651-9EE2-B148533AA100}.Release|iPhoneSimulator.ActiveCfg = Release|iPhoneSimulator
		{B064DE83-1B5B-4651-9EE2-B148533AA100}.Release|iPhoneSimulator.Build.0 = Release|iPhoneSimulator
		{B064DE83-1B5B-4651-9EE2-B148533AA100}.Release|iPhoneSimulator.Deploy.0 = Release|iPhoneSimulator
		{6FCB1D04-47FB-4CCD-A610-22C073E234DF}.Debug|Any CPU.ActiveCfg = Debug|Any CPU
		{6FCB1D04-47FB-4CCD-A610-22C073E234DF}.Debug|Any CPU.Build.0 = Debug|Any CPU
		{6FCB1D04-47FB-4CCD-A610-22C073E234DF}.Debug|Any CPU.Deploy.0 = Debug|Any CPU
		{6FCB1D04-47FB-4CCD-A610-22C073E234DF}.Debug|iPhone.ActiveCfg = Debug|Any CPU
		{6FCB1D04-47FB-4CCD-A610-22C073E234DF}.Debug|iPhone.Build.0 = Debug|Any CPU
		{6FCB1D04-47FB-4CCD-A610-22C073E234DF}.Debug|iPhone.Deploy.0 = Debug|Any CPU
		{6FCB1D04-47FB-4CCD-A610-22C073E234DF}.Debug|iPhoneSimulator.ActiveCfg = Debug|Any CPU
		{6FCB1D04-47FB-4CCD-A610-22C073E234DF}.Debug|iPhoneSimulator.Build.0 = Debug|Any CPU
		{6FCB1D04-47FB-4CCD-A610-22C073E234DF}.Debug|iPhoneSimulator.Deploy.0 = Debug|Any CPU
		{6FCB1D04-47FB-4CCD-A610-22C073E234DF}.Release|Any CPU.ActiveCfg = Release|Any CPU
		{6FCB1D04-47FB-4CCD-A610-22C073E234DF}.Release|Any CPU.Build.0 = Release|Any CPU
		{6FCB1D04-47FB-4CCD-A610-22C073E234DF}.Release|Any CPU.Deploy.0 = Release|Any CPU
		{6FCB1D04-47FB-4CCD-A610-22C073E234DF}.Release|iPhone.ActiveCfg = Release|Any CPU
		{6FCB1D04-47FB-4CCD-A610-22C073E234DF}.Release|iPhone.Build.0 = Release|Any CPU
		{6FCB1D04-47FB-4CCD-A610-22C073E234DF}.Release|iPhone.Deploy.0 = Release|Any CPU
		{6FCB1D04-47FB-4CCD-A610-22C073E234DF}.Release|iPhoneSimulator.ActiveCfg = Release|Any CPU
		{6FCB1D04-47FB-4CCD-A610-22C073E234DF}.Release|iPhoneSimulator.Build.0 = Release|Any CPU
		{6FCB1D04-47FB-4CCD-A610-22C073E234DF}.Release|iPhoneSimulator.Deploy.0 = Release|Any CPU
	EndGlobalSection
	GlobalSection(SolutionProperties) = preSolution
		HideSolutionNode = FALSE
	EndGlobalSection
	GlobalSection(ExtensibilityGlobals) = postSolution
		SolutionGuid = {25945714-EA8C-4AF4-918C-AA3D05A36DC4}
	EndGlobalSection
EndGlobal
